Microsoft Visual Studio Solution File, Format Version 10.00
# Visual Studio 2008
Project("{FAE04EC0-301F-11D3-BF4B-00C04F79EFBC}") = "TestControl", "TestControl\TestControl.csproj", "{6FE8E71F-7DC3-4061-9F4B-41061AB6B241}"
EndProject
Project("{FAE04EC0-301F-11D3-BF4B-00C04F79EFBC}") = "WindowFinder", "WindowFinder\WindowFinder.csproj", "{84F4C41B-6887-4CDF-AC1C-E9C3AE1378A1}"
EndProject
Global
	GlobalSection(SolutionConfigurationPlatforms) = preSolution
		Debug|Any CPU = Debug|Any CPU
		Release|Any CPU = Release|Any CPU
	EndGlobalSection
	GlobalSection(ProjectConfigurationPlatforms) = postSolution
		{6FE8E71F-7DC3-4061-9F4B-41061AB6B241}.Debug|Any CPU.ActiveCfg = Debug|Any CPU
		{6FE8E71F-7DC3-4061-9F4B-41061AB6B241}.Debug|Any CPU.Build.0 = Debug|Any CPU
		{6FE8E71F-7DC3-4061-9F4B-41061AB6B241}.Release|Any CPU.ActiveCfg = Release|Any CPU
		{6FE8E71F-7DC3-4061-9F4B-41061AB6B241}.Release|Any CPU.Build.0 = Release|Any CPU
		{84F4C41B-6887-4CDF-AC1C-E9C3AE1378A1}.Debug|Any CPU.ActiveCfg = Debug|Any CPU
		{84F4C41B-6887-4CDF-AC1C-E9C3AE1378A1}.Debug|Any CPU.Build.0 = Debug|Any CPU
		{84F4C41B-6887-4CDF-AC1C-E9C3AE1378A1}.Release|Any CPU.ActiveCfg = Release|Any CPU
		{84F4C41B-6887-4CDF-AC1C-E9C3AE1378A1}.Release|Any CPU.Build.0 = Release|Any CPU
	EndGlobalSection
	GlobalSection(SolutionProperties) = preSolution
		HideSolutionNode = FALSE
	EndGlobalSection
EndGlobal
